// !$*UTF8*$!
{
	archiveVersion = 1;
	classes = {
	};
	objectVersion = 46;
	objects = {

/* Begin PBXBuildFile section */
		B3DDBAA21B52B5220044ED54 /* AppDelegate.swift in Sources */ = {isa = PBXBuildFile; fileRef = B3DDBAA11B52B5220044ED54 /* AppDelegate.swift */; };
		B3DDBAA41B52B5220044ED54 /* ViewController.swift in Sources */ = {isa = PBXBuildFile; fileRef = B3DDBAA31B52B5220044ED54 /* ViewController.swift */; };
		B3DDBAA71B52B5220044ED54 /* Main.storyboard in Resources */ = {isa = PBXBuildFile; fileRef = B3DDBAA51B52B5220044ED54 /* Main.storyboard */; };
		B3DDBAA91B52B5220044ED54 /* Images.xcassets in Resources */ = {isa = PBXBuildFile; fileRef = B3DDBAA81B52B5220044ED54 /* Images.xcassets */; };
		B3DDBAAC1B52B5220044ED54 /* LaunchScreen.xib in Resources */ = {isa = PBXBuildFile; fileRef = B3DDBAAA1B52B5220044ED54 /* LaunchScreen.xib */; };
		B3DDBAB81B52B5220044ED54 /* ComicMemoTests.swift in Sources */ = {isa = PBXBuildFile; fileRef = B3DDBAB71B52B5220044ED54 /* ComicMemoTests.swift */; };
		B3E411061B56AAB500A9F16B /* AddCountCustomButton.swift in Sources */ = {isa = PBXBuildFile; fileRef = B3E411051B56AAB500A9F16B /* AddCountCustomButton.swift */; };
		B3E8613C1B5A7ECD009306F8 /* DetailViewController.swift in Sources */ = {isa = PBXBuildFile; fileRef = B3E8613B1B5A7ECD009306F8 /* DetailViewController.swift */; };
		B3E95C591B6CC53B0058B38D /* GoogleMobileAds.framework in Frameworks */ = {isa = PBXBuildFile; fileRef = B3E95C581B6CC53B0058B38D /* GoogleMobileAds.framework */; };
		B3E95C5B1B6CC5510058B38D /* AdSupport.framework in Frameworks */ = {isa = PBXBuildFile; fileRef = B3E95C5A1B6CC5510058B38D /* AdSupport.framework */; };
		B3E95C5D1B6CC5670058B38D /* AudioToolbox.framework in Frameworks */ = {isa = PBXBuildFile; fileRef = B3E95C5C1B6CC5670058B38D /* AudioToolbox.framework */; };
		B3E95C5F1B6CC5740058B38D /* AVFoundation.framework in Frameworks */ = {isa = PBXBuildFile; fileRef = B3E95C5E1B6CC5740058B38D /* AVFoundation.framework */; };
		B3E95C611B6CC5840058B38D /* CoreGraphics.framework in Frameworks */ = {isa = PBXBuildFile; fileRef = B3E95C601B6CC5840058B38D /* CoreGraphics.framework */; };
		B3E95C631B6CC5920058B38D /* CoreMedia.framework in Frameworks */ = {isa = PBXBuildFile; fileRef = B3E95C621B6CC5920058B38D /* CoreMedia.framework */; };
		B3E95C651B6CC5A00058B38D /* CoreTelephony.framework in Frameworks */ = {isa = PBXBuildFile; fileRef = B3E95C641B6CC5A00058B38D /* CoreTelephony.framework */; };
		B3E95C681B6CC5F40058B38D /* EventKit.framework in Frameworks */ = {isa = PBXBuildFile; fileRef = B3E95C661B6CC5F40058B38D /* EventKit.framework */; };
		B3E95C691B6CC5F40058B38D /* EventKitUI.framework in Frameworks */ = {isa = PBXBuildFile; fileRef = B3E95C671B6CC5F40058B38D /* EventKitUI.framework */; };
		B3E95C6B1B6CC6030058B38D /* MessageUI.framework in Frameworks */ = {isa = PBXBuildFile; fileRef = B3E95C6A1B6CC6030058B38D /* MessageUI.framework */; };
		B3E95C6E1B6CC6150058B38D /* StoreKit.framework in Frameworks */ = {isa = PBXBuildFile; fileRef = B3E95C6C1B6CC6150058B38D /* StoreKit.framework */; };
		B3E95C6F1B6CC6150058B38D /* SystemConfiguration.framework in Frameworks */ = {isa = PBXBuildFile; fileRef = B3E95C6D1B6CC6150058B38D /* SystemConfiguration.framework */; };
		B3ED6BB51B5B9AA9005A4930 /* PlaceHolderTextView.swift in Sources */ = {isa = PBXBuildFile; fileRef = B3ED6BB41B5B9AA9005A4930 /* PlaceHolderTextView.swift */; };
		B3EDF24E1B5E77D6008E71C8 /* ComicMemoModel.xcdatamodeld in Sources */ = {isa = PBXBuildFile; fileRef = B3EDF24C1B5E77D6008E71C8 /* ComicMemoModel.xcdatamodeld */; };
		B3EDF2811B5E99C0008E71C8 /* Entity.swift in Sources */ = {isa = PBXBuildFile; fileRef = B3EDF2801B5E99C0008E71C8 /* Entity.swift */; };
/* End PBXBuildFile section */

/* Begin PBXContainerItemProxy section */
		B3DDBAB21B52B5220044ED54 /* PBXContainerItemProxy */ = {
			isa = PBXContainerItemProxy;
			containerPortal = B3DDBA941B52B5220044ED54 /* Project object */;
			proxyType = 1;
			remoteGlobalIDString = B3DDBA9B1B52B5220044ED54;
			remoteInfo = ComicMemo;
		};
/* End PBXContainerItemProxy section */

/* Begin PBXFileReference section */
		B3C042711B719FD7004567DC /* ja */ = {isa = PBXFileReference; lastKnownFileType = text.plist.strings; name = ja; path = ja.lproj/Main.strings; sourceTree = "<group>"; };
		B3C042721B719FD7004567DC /* ja */ = {isa = PBXFileReference; lastKnownFileType = text.plist.strings; name = ja; path = ja.lproj/LaunchScreen.strings; sourceTree = "<group>"; };
		B3DDBA9C1B52B5220044ED54 /* ComicMemo.app */ = {isa = PBXFileReference; explicitFileType = wrapper.application; includeInIndex = 0; path = ComicMemo.app; sourceTree = BUILT_PRODUCTS_DIR; };
		B3DDBAA01B52B5220044ED54 /* Info.plist */ = {isa = PBXFileReference; lastKnownFileType = text.plist.xml; path = Info.plist; sourceTree = "<group>"; };
		B3DDBAA11B52B5220044ED54 /* AppDelegate.swift */ = {isa = PBXFileReference; lastKnownFileType = sourcecode.swift; path = AppDelegate.swift; sourceTree = "<group>"; };
		B3DDBAA31B52B5220044ED54 /* ViewController.swift */ = {isa = PBXFileReference; lastKnownFileType = sourcecode.swift; path = ViewController.swift; sourceTree = "<group>"; };
		B3DDBAA61B52B5220044ED54 /* Base */ = {isa = PBXFileReference; lastKnownFileType = file.storyboard; name = Base; path = Base.lproj/Main.storyboard; sourceTree = "<group>"; };
		B3DDBAA81B52B5220044ED54 /* Images.xcassets */ = {isa = PBXFileReference; lastKnownFileType = folder.assetcatalog; path = Images.xcassets; sourceTree = "<group>"; };
		B3DDBAAB1B52B5220044ED54 /* Base */ = {isa = PBXFileReference; lastKnownFileType = file.xib; name = Base; path = Base.lproj/LaunchScreen.xib; sourceTree = "<group>"; };
		B3DDBAB11B52B5220044ED54 /* ComicMemoTests.xctest */ = {isa = PBXFileReference; explicitFileType = wrapper.cfbundle; includeInIndex = 0; path = ComicMemoTests.xctest; sourceTree = BUILT_PRODUCTS_DIR; };
		B3DDBAB61B52B5220044ED54 /* Info.plist */ = {isa = PBXFileReference; lastKnownFileType = text.plist.xml; path = Info.plist; sourceTree = "<group>"; };
		B3DDBAB71B52B5220044ED54 /* ComicMemoTests.swift */ = {isa = PBXFileReference; lastKnownFileType = sourcecode.swift; path = ComicMemoTests.swift; sourceTree = "<group>"; };
		B3E411051B56AAB500A9F16B /* AddCountCustomButton.swift */ = {isa = PBXFileReference; fileEncoding = 4; lastKnownFileType = sourcecode.swift; path = AddCountCustomButton.swift; sourceTree = "<group>"; };
		B3E8613B1B5A7ECD009306F8 /* DetailViewController.swift */ = {isa = PBXFileReference; fileEncoding = 4; lastKnownFileType = sourcecode.swift; path = DetailViewController.swift; sourceTree = "<group>"; };
		B3E95C581B6CC53B0058B38D /* GoogleMobileAds.framework */ = {isa = PBXFileReference; lastKnownFileType = wrapper.framework; name = GoogleMobileAds.framework; path = "../../../Downloads/GoogleMobileAdsSdkiOS-7.4.0/GoogleMobileAds.framework"; sourceTree = "<group>"; };
		B3E95C5A1B6CC5510058B38D /* AdSupport.framework */ = {isa = PBXFileReference; lastKnownFileType = wrapper.framework; name = AdSupport.framework; path = System/Library/Frameworks/AdSupport.framework; sourceTree = SDKROOT; };
		B3E95C5C1B6CC5670058B38D /* AudioToolbox.framework */ = {isa = PBXFileReference; lastKnownFileType = wrapper.framework; name = AudioToolbox.framework; path = System/Library/Frameworks/AudioToolbox.framework; sourceTree = SDKROOT; };
		B3E95C5E1B6CC5740058B38D /* AVFoundation.framework */ = {isa = PBXFileReference; lastKnownFileType = wrapper.framework; name = AVFoundation.framework; path = System/Library/Frameworks/AVFoundation.framework; sourceTree = SDKROOT; };
		B3E95C601B6CC5840058B38D /* CoreGraphics.framework */ = {isa = PBXFileReference; lastKnownFileType = wrapper.framework; name = CoreGraphics.framework; path = System/Library/Frameworks/CoreGraphics.framework; sourceTree = SDKROOT; };
		B3E95C621B6CC5920058B38D /* CoreMedia.framework */ = {isa = PBXFileReference; lastKnownFileType = wrapper.framework; name = CoreMedia.framework; path = System/Library/Frameworks/CoreMedia.framework; sourceTree = SDKROOT; };
		B3E95C641B6CC5A00058B38D /* CoreTelephony.framework */ = {isa = PBXFileReference; lastKnownFileType = wrapper.framework; name = CoreTelephony.framework; path = System/Library/Frameworks/CoreTelephony.framework; sourceTree = SDKROOT; };
		B3E95C661B6CC5F40058B38D /* EventKit.framework */ = {isa = PBXFileReference; lastKnownFileType = wrapper.framework; name = EventKit.framework; path = System/Library/Frameworks/EventKit.framework; sourceTree = SDKROOT; };
		B3E95C671B6CC5F40058B38D /* EventKitUI.framework */ = {isa = PBXFileReference; lastKnownFileType = wrapper.framework; name = EventKitUI.framework; path = System/Library/Frameworks/EventKitUI.framework; sourceTree = SDKROOT; };
		B3E95C6A1B6CC6030058B38D /* MessageUI.framework */ = {isa = PBXFileReference; lastKnownFileType = wrapper.framework; name = MessageUI.framework; path = System/Library/Frameworks/MessageUI.framework; sourceTree = SDKROOT; };
		B3E95C6C1B6CC6150058B38D /* StoreKit.framework */ = {isa = PBXFileReference; lastKnownFileType = wrapper.framework; name = StoreKit.framework; path = System/Library/Frameworks/StoreKit.framework; sourceTree = SDKROOT; };
		B3E95C6D1B6CC6150058B38D /* SystemConfiguration.framework */ = {isa = PBXFileReference; lastKnownFileType = wrapper.framework; name = SystemConfiguration.framework; path = System/Library/Frameworks/SystemConfiguration.framework; sourceTree = SDKROOT; };
		B3ED6BB41B5B9AA9005A4930 /* PlaceHolderTextView.swift */ = {isa = PBXFileReference; fileEncoding = 4; lastKnownFileType = sourcecode.swift; path = PlaceHolderTextView.swift; sourceTree = "<group>"; };
		B3EDF24D1B5E77D6008E71C8 /* ComicMemoModel.xcdatamodel */ = {isa = PBXFileReference; lastKnownFileType = wrapper.xcdatamodel; path = ComicMemoModel.xcdatamodel; sourceTree = "<group>"; };
		B3EDF2801B5E99C0008E71C8 /* Entity.swift */ = {isa = PBXFileReference; fileEncoding = 4; lastKnownFileType = sourcecode.swift; name = Entity.swift; path = ComicMemo/Entity.swift; sourceTree = "<group>"; };
/* End PBXFileReference section */

/* Begin PBXFrameworksBuildPhase section */
		B3DDBA991B52B5220044ED54 /* Frameworks */ = {
			isa = PBXFrameworksBuildPhase;
			buildActionMask = 2147483647;
			files = (
				B3E95C6E1B6CC6150058B38D /* StoreKit.framework in Frameworks */,
				B3E95C6F1B6CC6150058B38D /* SystemConfiguration.framework in Frameworks */,
				B3E95C6B1B6CC6030058B38D /* MessageUI.framework in Frameworks */,
				B3E95C681B6CC5F40058B38D /* EventKit.framework in Frameworks */,
				B3E95C691B6CC5F40058B38D /* EventKitUI.framework in Frameworks */,
				B3E95C651B6CC5A00058B38D /* CoreTelephony.framework in Frameworks */,
				B3E95C631B6CC5920058B38D /* CoreMedia.framework in Frameworks */,
				B3E95C611B6CC5840058B38D /* CoreGraphics.framework in Frameworks */,
				B3E95C5F1B6CC5740058B38D /* AVFoundation.framework in Frameworks */,
				B3E95C5D1B6CC5670058B38D /* AudioToolbox.framework in Frameworks */,
				B3E95C5B1B6CC5510058B38D /* AdSupport.framework in Frameworks */,
				B3E95C591B6CC53B0058B38D /* GoogleMobileAds.framework in Frameworks */,
			);
			runOnlyForDeploymentPostprocessing = 0;
		};
		B3DDBAAE1B52B5220044ED54 /* Frameworks */ = {
			isa = PBXFrameworksBuildPhase;
			buildActionMask = 2147483647;
			files = (
			);
			runOnlyForDeploymentPostprocessing = 0;
		};
/* End PBXFrameworksBuildPhase section */

/* Begin PBXGroup section */
		B3DDBA931B52B5220044ED54 = {
			isa = PBXGroup;
			children = (
				B3E95C6C1B6CC6150058B38D /* StoreKit.framework */,
				B3E95C6D1B6CC6150058B38D /* SystemConfiguration.framework */,
				B3E95C6A1B6CC6030058B38D /* MessageUI.framework */,
				B3E95C661B6CC5F40058B38D /* EventKit.framework */,
				B3E95C671B6CC5F40058B38D /* EventKitUI.framework */,
				B3E95C641B6CC5A00058B38D /* CoreTelephony.framework */,
				B3E95C621B6CC5920058B38D /* CoreMedia.framework */,
				B3E95C601B6CC5840058B38D /* CoreGraphics.framework */,
				B3E95C5E1B6CC5740058B38D /* AVFoundation.framework */,
				B3E95C5C1B6CC5670058B38D /* AudioToolbox.framework */,
				B3E95C5A1B6CC5510058B38D /* AdSupport.framework */,
				B3E95C581B6CC53B0058B38D /* GoogleMobileAds.framework */,
				B3EDF2801B5E99C0008E71C8 /* Entity.swift */,
				B3DDBA9E1B52B5220044ED54 /* ComicMemo */,
				B3DDBAB41B52B5220044ED54 /* ComicMemoTests */,
				B3DDBA9D1B52B5220044ED54 /* Products */,
			);
			sourceTree = "<group>";
		};
		B3DDBA9D1B52B5220044ED54 /* Products */ = {
			isa = PBXGroup;
			children = (
				B3DDBA9C1B52B5220044ED54 /* ComicMemo.app */,
				B3DDBAB11B52B5220044ED54 /* ComicMemoTests.xctest */,
			);
			name = Products;
			sourceTree = "<group>";
		};
		B3DDBA9E1B52B5220044ED54 /* ComicMemo */ = {
			isa = PBXGroup;
			children = (
				B3DDBAA11B52B5220044ED54 /* AppDelegate.swift */,
				B3E411051B56AAB500A9F16B /* AddCountCustomButton.swift */,
				B3DDBAA31B52B5220044ED54 /* ViewController.swift */,
				B3E8613B1B5A7ECD009306F8 /* DetailViewController.swift */,
				B3DDBAA51B52B5220044ED54 /* Main.storyboard */,
				B3EDF24C1B5E77D6008E71C8 /* ComicMemoModel.xcdatamodeld */,
				B3ED6BB41B5B9AA9005A4930 /* PlaceHolderTextView.swift */,
				B3DDBAA81B52B5220044ED54 /* Images.xcassets */,
				B3DDBAAA1B52B5220044ED54 /* LaunchScreen.xib */,
				B3DDBA9F1B52B5220044ED54 /* Supporting Files */,
			);
			path = ComicMemo;
			sourceTree = "<group>";
		};
		B3DDBA9F1B52B5220044ED54 /* Supporting Files */ = {
			isa = PBXGroup;
			children = (
				B3DDBAA01B52B5220044ED54 /* Info.plist */,
			);
			name = "Supporting Files";
			sourceTree = "<group>";
		};
		B3DDBAB41B52B5220044ED54 /* ComicMemoTests */ = {
			isa = PBXGroup;
			children = (
				B3DDBAB71B52B5220044ED54 /* ComicMemoTests.swift */,
				B3DDBAB51B52B5220044ED54 /* Supporting Files */,
			);
			path = ComicMemoTests;
			sourceTree = "<group>";
		};
		B3DDBAB51B52B5220044ED54 /* Supporting Files */ = {
			isa = PBXGroup;
			children = (
				B3DDBAB61B52B5220044ED54 /* Info.plist */,
			);
			name = "Supporting Files";
			sourceTree = "<group>";
		};
/* End PBXGroup section */

/* Begin PBXNativeTarget section */
		B3DDBA9B1B52B5220044ED54 /* ComicMemo */ = {
			isa = PBXNativeTarget;
			buildConfigurationList = B3DDBABB1B52B5220044ED54 /* Build configuration list for PBXNativeTarget "ComicMemo" */;
			buildPhases = (
				B3DDBA981B52B5220044ED54 /* Sources */,
				B3DDBA991B52B5220044ED54 /* Frameworks */,
				B3DDBA9A1B52B5220044ED54 /* Resources */,
			);
			buildRules = (
			);
			dependencies = (
			);
			name = ComicMemo;
			productName = ComicMemo;
			productReference = B3DDBA9C1B52B5220044ED54 /* ComicMemo.app */;
			productType = "com.apple.product-type.application";
		};
		B3DDBAB01B52B5220044ED54 /* ComicMemoTests */ = {
			isa = PBXNativeTarget;
			buildConfigurationList = B3DDBABE1B52B5220044ED54 /* Build configuration list for PBXNativeTarget "ComicMemoTests" */;
			buildPhases = (
				B3DDBAAD1B52B5220044ED54 /* Sources */,
				B3DDBAAE1B52B5220044ED54 /* Frameworks */,
				B3DDBAAF1B52B5220044ED54 /* Resources */,
			);
			buildRules = (
			);
			dependencies = (
				B3DDBAB31B52B5220044ED54 /* PBXTargetDependency */,
			);
			name = ComicMemoTests;
			productName = ComicMemoTests;
			productReference = B3DDBAB11B52B5220044ED54 /* ComicMemoTests.xctest */;
			productType = "com.apple.product-type.bundle.unit-test";
		};
/* End PBXNativeTarget section */

/* Begin PBXProject section */
		B3DDBA941B52B5220044ED54 /* Project object */ = {
			isa = PBXProject;
			attributes = {
				LastUpgradeCheck = 0640;
				ORGANIZATIONNAME = "晃一";
				TargetAttributes = {
					B3DDBA9B1B52B5220044ED54 = {
						CreatedOnToolsVersion = 6.4;
						DevelopmentTeam = WFA5SJLW78;
					};
					B3DDBAB01B52B5220044ED54 = {
						CreatedOnToolsVersion = 6.4;
						TestTargetID = B3DDBA9B1B52B5220044ED54;
					};
				};
			};
			buildConfigurationList = B3DDBA971B52B5220044ED54 /* Build configuration list for PBXProject "ComicMemo" */;
			compatibilityVersion = "Xcode 3.2";
			developmentRegion = English;
			hasScannedForEncodings = 0;
			knownRegions = (
				en,
				Base,
			);
			mainGroup = B3DDBA931B52B5220044ED54;
			productRefGroup = B3DDBA9D1B52B5220044ED54 /* Products */;
			projectDirPath = "";
			projectRoot = "";
			targets = (
				B3DDBA9B1B52B5220044ED54 /* ComicMemo */,
				B3DDBAB01B52B5220044ED54 /* ComicMemoTests */,
			);
		};
/* End PBXProject section */

/* Begin PBXResourcesBuildPhase section */
		B3DDBA9A1B52B5220044ED54 /* Resources */ = {
			isa = PBXResourcesBuildPhase;
			buildActionMask = 2147483647;
			files = (
				B3DDBAA71B52B5220044ED54 /* Main.storyboard in Resources */,
				B3DDBAAC1B52B5220044ED54 /* LaunchScreen.xib in Resources */,
				B3DDBAA91B52B5220044ED54 /* Images.xcassets in Resources */,
			);
			runOnlyForDeploymentPostprocessing = 0;
		};
		B3DDBAAF1B52B5220044ED54 /* Resources */ = {
			isa = PBXResourcesBuildPhase;
			buildActionMask = 2147483647;
			files = (
			);
			runOnlyForDeploymentPostprocessing = 0;
		};
/* End PBXResourcesBuildPhase section */

/* Begin PBXSourcesBuildPhase section */
		B3DDBA981B52B5220044ED54 /* Sources */ = {
			isa = PBXSourcesBuildPhase;
			buildActionMask = 2147483647;
			files = (
				B3E411061B56AAB500A9F16B /* AddCountCustomButton.swift in Sources */,
				B3ED6BB51B5B9AA9005A4930 /* PlaceHolderTextView.swift in Sources */,
				B3EDF2811B5E99C0008E71C8 /* Entity.swift in Sources */,
				B3DDBAA41B52B5220044ED54 /* ViewController.swift in Sources */,
				B3EDF24E1B5E77D6008E71C8 /* ComicMemoModel.xcdatamodeld in Sources */,
				B3DDBAA21B52B5220044ED54 /* AppDelegate.swift in Sources */,
				B3E8613C1B5A7ECD009306F8 /* DetailViewController.swift in Sources */,
			);
			runOnlyForDeploymentPostprocessing = 0;
		};
		B3DDBAAD1B52B5220044ED54 /* Sources */ = {
			isa = PBXSourcesBuildPhase;
			buildActionMask = 2147483647;
			files = (
				B3DDBAB81B52B5220044ED54 /* ComicMemoTests.swift in Sources */,
			);
			runOnlyForDeploymentPostprocessing = 0;
		};
/* End PBXSourcesBuildPhase section */

/* Begin PBXTargetDependency section */
		B3DDBAB31B52B5220044ED54 /* PBXTargetDependency */ = {
			isa = PBXTargetDependency;
			target = B3DDBA9B1B52B5220044ED54 /* ComicMemo */;
			targetProxy = B3DDBAB21B52B5220044ED54 /* PBXContainerItemProxy */;
		};
/* End PBXTargetDependency section */

/* Begin PBXVariantGroup section */
		B3DDBAA51B52B5220044ED54 /* Main.storyboard */ = {
			isa = PBXVariantGroup;
			children = (
				B3DDBAA61B52B5220044ED54 /* Base */,
				B3C042711B719FD7004567DC /* ja */,
			);
			name = Main.storyboard;
			sourceTree = "<group>";
		};
		B3DDBAAA1B52B5220044ED54 /* LaunchScreen.xib */ = {
			isa = PBXVariantGroup;
			children = (
				B3DDBAAB1B52B5220044ED54 /* Base */,
				B3C042721B719FD7004567DC /* ja */,
			);
			name = LaunchScreen.xib;
			sourceTree = "<group>";
		};
/* End PBXVariantGroup section */

/* Begin XCBuildConfiguration section */
		B3DDBAB91B52B5220044ED54 /* Debug */ = {
			isa = XCBuildConfiguration;
			buildSettings = {
				ALWAYS_SEARCH_USER_PATHS = NO;
				CLANG_CXX_LANGUAGE_STANDARD = "gnu++0x";
				CLANG_CXX_LIBRARY = "libc++";
				CLANG_ENABLE_MODULES = YES;
				CLANG_ENABLE_OBJC_ARC = YES;
				CLANG_WARN_BOOL_CONVERSION = YES;
				CLANG_WARN_CONSTANT_CONVERSION = YES;
				CLANG_WARN_DIRECT_OBJC_ISA_USAGE = YES_ERROR;
				CLANG_WARN_EMPTY_BODY = YES;
				CLANG_WARN_ENUM_CONVERSION = YES;
				CLANG_WARN_INT_CONVERSION = YES;
				CLANG_WARN_OBJC_ROOT_CLASS = YES_ERROR;
				CLANG_WARN_UNREACHABLE_CODE = YES;
				CLANG_WARN__DUPLICATE_METHOD_MATCH = YES;
				"CODE_SIGN_IDENTITY[sdk=iphoneos*]" = "iPhone Developer";
				COPY_PHASE_STRIP = NO;
				DEBUG_INFORMATION_FORMAT = "dwarf-with-dsym";
				ENABLE_STRICT_OBJC_MSGSEND = YES;
				GCC_C_LANGUAGE_STANDARD = gnu99;
				GCC_DYNAMIC_NO_PIC = NO;
				GCC_NO_COMMON_BLOCKS = YES;
				GCC_OPTIMIZATION_LEVEL = 0;
				GCC_PREPROCESSOR_DEFINITIONS = (
					"DEBUG=1",
					"$(inherited)",
				);
				GCC_SYMBOLS_PRIVATE_EXTERN = NO;
				GCC_WARN_64_TO_32_BIT_CONVERSION = YES;
				GCC_WARN_ABOUT_RETURN_TYPE = YES_ERROR;
				GCC_WARN_UNDECLARED_SELECTOR = YES;
				GCC_WARN_UNINITIALIZED_AUTOS = YES_AGGRESSIVE;
				GCC_WARN_UNUSED_FUNCTION = YES;
				GCC_WARN_UNUSED_VARIABLE = YES;
				IPHONEOS_DEPLOYMENT_TARGET = 7.0;
				MTL_ENABLE_DEBUG_INFO = YES;
				ONLY_ACTIVE_ARCH = YES;
				SDKROOT = iphoneos;
				SWIFT_OPTIMIZATION_LEVEL = "-Onone";
				TARGETED_DEVICE_FAMILY = "1,2";
			};
			name = Debug;
		};
		B3DDBABA1B52B5220044ED54 /* Release */ = {
			isa = XCBuildConfiguration;
			buildSettings = {
				ALWAYS_SEARCH_USER_PATHS = NO;
				CLANG_CXX_LANGUAGE_STANDARD = "gnu++0x";
				CLANG_CXX_LIBRARY = "libc++";
				CLANG_ENABLE_MODULES = YES;
				CLANG_ENABLE_OBJC_ARC = YES;
				CLANG_WARN_BOOL_CONVERSION = YES;
				CLANG_WARN_CONSTANT_CONVERSION = YES;
				CLANG_WARN_DIRECT_OBJC_ISA_USAGE = YES_ERROR;
				CLANG_WARN_EMPTY_BODY = YES;
				CLANG_WARN_ENUM_CONVERSION = YES;
				CLANG_WARN_INT_CONVERSION = YES;
				CLANG_WARN_OBJC_ROOT_CLASS = YES_ERROR;
				CLANG_WARN_UNREACHABLE_CODE = YES;
				CLANG_WARN__DUPLICATE_METHOD_MATCH = YES;
				"CODE_SIGN_IDENTITY[sdk=iphoneos*]" = "iPhone Developer";
				COPY_PHASE_STRIP = NO;
				DEBUG_INFORMATION_FORMAT = "dwarf-with-dsym";
				ENABLE_NS_ASSERTIONS = NO;
				ENABLE_STRICT_OBJC_MSGSEND = YES;
				GCC_C_LANGUAGE_STANDARD = gnu99;
				GCC_NO_COMMON_BLOCKS = YES;
				GCC_WARN_64_TO_32_BIT_CONVERSION = YES;
				GCC_WARN_ABOUT_RETURN_TYPE = YES_ERROR;
				GCC_WARN_UNDECLARED_SELECTOR = YES;
				GCC_WARN_UNINITIALIZED_AUTOS = YES_AGGRESSIVE;
				GCC_WARN_UNUSED_FUNCTION = YES;
				GCC_WARN_UNUSED_VARIABLE = YES;
				IPHONEOS_DEPLOYMENT_TARGET = 7.0;
				MTL_ENABLE_DEBUG_INFO = NO;
				SDKROOT = iphoneos;
				TARGETED_DEVICE_FAMILY = "1,2";
				VALIDATE_PRODUCT = YES;
			};
			name = Release;
		};
		B3DDBABC1B52B5220044ED54 /* Debug */ = {
			isa = XCBuildConfiguration;
			buildSettings = {
				ASSETCATALOG_COMPILER_APPICON_NAME = AppIcon;
				ASSETCATALOG_COMPILER_LAUNCHIMAGE_NAME = LaunchImage;
				CODE_SIGN_IDENTITY = "iPhone Developer";
				"CODE_SIGN_IDENTITY[sdk=iphoneos*]" = "iPhone Developer";
				FRAMEWORK_SEARCH_PATHS = (
					"$(inherited)",
					"/Users/kouichi/Downloads/GoogleMobileAdsSdkiOS-7.4.0",
				);
				INFOPLIST_FILE = ComicMemo/Info.plist;
				IPHONEOS_DEPLOYMENT_TARGET = 7.0;
				LD_RUNPATH_SEARCH_PATHS = "$(inherited) @executable_path/Frameworks";
				PRODUCT_NAME = "$(TARGET_NAME)";
				PROVISIONING_PROFILE = "";
			};
			name = Debug;
		};
		B3DDBABD1B52B5220044ED54 /* Release */ = {
			isa = XCBuildConfiguration;
			buildSettings = {
				ASSETCATALOG_COMPILER_APPICON_NAME = AppIcon;
				ASSETCATALOG_COMPILER_LAUNCHIMAGE_NAME = LaunchImage;
				CODE_SIGN_IDENTITY = "iPhone Developer";
				"CODE_SIGN_IDENTITY[sdk=iphoneos*]" = "iPhone Developer";
				FRAMEWORK_SEARCH_PATHS = (
					"$(inherited)",
					"/Users/kouichi/Downloads/GoogleMobileAdsSdkiOS-7.4.0",
				);
				INFOPLIST_FILE = ComicMemo/Info.plist;
				IPHONEOS_DEPLOYMENT_TARGET = 7.0;
				LD_RUNPATH_SEARCH_PATHS = "$(inherited) @executable_path/Frameworks";
				PRODUCT_NAME = "$(TARGET_NAME)";
				PROVISIONING_PROFILE = "";
			};
			name = Release;
		};
		B3DDBABF1B52B5220044ED54 /* Debug */ = {
			isa = XCBuildConfiguration;
			buildSettings = {
				BUNDLE_LOADER = "$(TEST_HOST)";
				FRAMEWORK_SEARCH_PATHS = (
					"$(SDKROOT)/Developer/Library/Frameworks",
					"$(inherited)",
				);
				GCC_PREPROCESSOR_DEFINITIONS = (
					"DEBUG=1",
					"$(inherited)",
				);
				INFOPLIST_FILE = ComicMemoTests/Info.plist;
				LD_RUNPATH_SEARCH_PATHS = "$(inherited) @executable_path/Frameworks @loader_path/Frameworks";
				PRODUCT_NAME = "$(TARGET_NAME)";
				TEST_HOST = "$(BUILT_PRODUCTS_DIR)/ComicMemo.app/ComicMemo";
			};
			name = Debug;
		};
		B3DDBAC01B52B5220044ED54 /* Release */ = {
			isa = XCBuildConfiguration;
			buildSettings = {
				BUNDLE_LOADER = "$(TEST_HOST)";
				FRAMEWORK_SEARCH_PATHS = (
					"$(SDKROOT)/Developer/Library/Frameworks",
					"$(inherited)",
				);
				INFOPLIST_FILE = ComicMemoTests/Info.plist;
				LD_RUNPATH_SEARCH_PATHS = "$(inherited) @executable_path/Frameworks @loader_path/Frameworks";
				PRODUCT_NAME = "$(TARGET_NAME)";
				TEST_HOST = "$(BUILT_PRODUCTS_DIR)/ComicMemo.app/ComicMemo";
			};
			name = Release;
		};
/* End XCBuildConfiguration section */

/* Begin XCConfigurationList section */
		B3DDBA971B52B5220044ED54 /* Build configuration list for PBXProject "ComicMemo" */ = {
			isa = XCConfigurationList;
			buildConfigurations = (
				B3DDBAB91B52B5220044ED54 /* Debug */,
				B3DDBABA1B52B5220044ED54 /* Release */,
			);
			defaultConfigurationIsVisible = 0;
			defaultConfigurationName = Release;
		};
		B3DDBABB1B52B5220044ED54 /* Build configuration list for PBXNativeTarget "ComicMemo" */ = {
			isa = XCConfigurationList;
			buildConfigurations = (
				B3DDBABC1B52B5220044ED54 /* Debug */,
				B3DDBABD1B52B5220044ED54 /* Release */,
			);
			defaultConfigurationIsVisible = 0;
			defaultConfigurationName = Release;
		};
		B3DDBABE1B52B5220044ED54 /* Build configuration list for PBXNativeTarget "ComicMemoTests" */ = {
			isa = XCConfigurationList;
			buildConfigurations = (
				B3DDBABF1B52B5220044ED54 /* Debug */,
				B3DDBAC01B52B5220044ED54 /* Release */,
			);
			defaultConfigurationIsVisible = 0;
			defaultConfigurationName = Release;
		};
/* End XCConfigurationList section */

/* Begin XCVersionGroup section */
		B3EDF24C1B5E77D6008E71C8 /* ComicMemoModel.xcdatamodeld */ = {
			isa = XCVersionGroup;
			children = (
				B3EDF24D1B5E77D6008E71C8 /* ComicMemoModel.xcdatamodel */,
			);
			currentVersion = B3EDF24D1B5E77D6008E71C8 /* ComicMemoModel.xcdatamodel */;
			path = ComicMemoModel.xcdatamodeld;
			sourceTree = "<group>";
			versionGroupType = wrapper.xcdatamodel;
		};
/* End XCVersionGroup section */
	};
	rootObject = B3DDBA941B52B5220044ED54 /* Project object */;
}
